
Microsoft Visual Studio Solution File, Format Version 12.00
# Visual Studio Version 17
VisualStudioVersion = 17.0.31825.309
MinimumVisualStudioVersion = 10.0.40219.1
Project("{9A19103F-16F7-4668-BE54-9A1E7A4F7556}") = "RoleBaseAuthBlazor", "RoleBaseAuthBlazor\RoleBaseAuthBlazor.csproj", "{67C6B131-A3F8-47BF-8DE2-F1154C1FA2A9}"
EndProject
Global
	GlobalSection(SolutionConfigurationPlatforms) = preSolution
		Debug|Any CPU = Debug|Any CPU
		Release|Any CPU = Release|Any CPU
	EndGlobalSection
	GlobalSection(ProjectConfigurationPlatforms) = postSolution
		{67C6B131-A3F8-47BF-8DE2-F1154C1FA2A9}.Debug|Any CPU.ActiveCfg = Debug|Any CPU
		{67C6B131-A3F8-47BF-8DE2-F1154C1FA2A9}.Debug|Any CPU.Build.0 = Debug|Any CPU
		{67C6B131-A3F8-47BF-8DE2-F1154C1FA2A9}.Release|Any CPU.ActiveCfg = Release|Any CPU
		{67C6B131-A3F8-47BF-8DE2-F1154C1FA2A9}.Release|Any CPU.Build.0 = Release|Any CPU
	EndGlobalSection
	GlobalSection(SolutionProperties) = preSolution
		HideSolutionNode = FALSE
	EndGlobalSection
	GlobalSection(ExtensibilityGlobals) = postSolution
		SolutionGuid = {4809CD2B-7278-4CEA-9179-9CAAD9E9B11F}
	EndGlobalSection
EndGlobal
